
Microsoft Visual Studio Solution File, Format Version 12.00
# Visual Studio Version 17
VisualStudioVersion = 17.10.34916.146
MinimumVisualStudioVersion = 10.0.40219.1
Project("{FAE04EC0-301F-11D3-BF4B-00C04F79EFBC}") = "HttpsServer", "HttpsServer.csproj", "{EC0A05C8-9BF6-4593-BEE7-E8ABC592BAE2}"
EndProject
Global
	GlobalSection(SolutionConfigurationPlatforms) = preSolution
		Debug|Any CPU = Debug|Any CPU
		Release|Any CPU = Release|Any CPU
	EndGlobalSection
	GlobalSection(ProjectConfigurationPlatforms) = postSolution
		{EC0A05C8-9BF6-4593-BEE7-E8ABC592BAE2}.Debug|Any CPU.ActiveCfg = Debug|Any CPU
		{EC0A05C8-9BF6-4593-BEE7-E8ABC592BAE2}.Debug|Any CPU.Build.0 = Debug|Any CPU
		{EC0A05C8-9BF6-4593-BEE7-E8ABC592BAE2}.Release|Any CPU.ActiveCfg = Release|Any CPU
		{EC0A05C8-9BF6-4593-BEE7-E8ABC592BAE2}.Release|Any CPU.Build.0 = Release|Any CPU
	EndGlobalSection
	GlobalSection(SolutionProperties) = preSolution
		HideSolutionNode = FALSE
	EndGlobalSection
	GlobalSection(ExtensibilityGlobals) = postSolution
		SolutionGuid = {0C2F55DB-F993-4CE7-8804-89DB98CAD430}
	EndGlobalSection
EndGlobal
